
Microsoft Visual Studio Solution File, Format Version 12.00
# Visual Studio Version 17
VisualStudioVersion = 17.1.32228.430
MinimumVisualStudioVersion = 10.0.40219.1
Project("{9A19103F-16F7-4668-BE54-9A1E7A4F7556}") = "Oop101", "Oop101\Oop101.csproj", "{F195380B-8281-4E32-80E5-759506D9361D}"
EndProject
Project("{2150E333-8FDC-42A3-9474-1A3956D46DE8}") = "1. Gün", "1. Gün", "{093E6A59-8968-4BCC-A6B9-D9728A2B6AB7}"
EndProject
Project("{2150E333-8FDC-42A3-9474-1A3956D46DE8}") = "2. Gün", "2. Gün", "{9E712A6D-712E-4473-AA21-0383A315D8B3}"
EndProject
Project("{9A19103F-16F7-4668-BE54-9A1E7A4F7556}") = "Oop101.Polymorphism", "Oop101.Polymorphism\Oop101.Polymorphism.csproj", "{A9D8B086-27B1-4880-87DA-D447851FF653}"
EndProject
Project("{2150E333-8FDC-42A3-9474-1A3956D46DE8}") = "3.Gün", "3.Gün", "{80A91B5C-A2F6-4DF5-A52B-60B0A54154AB}"
EndProject
Project("{9A19103F-16F7-4668-BE54-9A1E7A4F7556}") = "WebApplication8", "WebApplication8\WebApplication8.csproj", "{4D85875B-0B6A-4EDC-B350-9B8C93826046}"
EndProject
Project("{2150E333-8FDC-42A3-9474-1A3956D46DE8}") = "4.Gun", "4.Gun", "{8C9E6BFF-2DAF-4261-8735-26C1EEE120AD}"
EndProject
Project("{9A19103F-16F7-4668-BE54-9A1E7A4F7556}") = "Identity101", "Identity101\Identity101.csproj", "{3BE766DC-09DB-437E-97B6-7E2C0865DA7E}"
EndProject
Project("{2150E333-8FDC-42A3-9474-1A3956D46DE8}") = "5.Gun", "5.Gun", "{17A35FD0-734C-43E5-AFD7-105148CB5769}"
EndProject
Project("{9A19103F-16F7-4668-BE54-9A1E7A4F7556}") = "WebApplication2", "WebApplication2\WebApplication2.csproj", "{D4432583-9F58-41E4-A4C7-6FD5D926775B}"
EndProject
Project("{2150E333-8FDC-42A3-9474-1A3956D46DE8}") = "6.Gun", "6.Gun", "{6EEF01F4-4392-4358-BE81-1562142E1282}"
EndProject
Project("{FAE04EC0-301F-11D3-BF4B-00C04F79EFBC}") = "AdminTemplate", "AdminTemplate\AdminTemplate.csproj", "{5EF7A9BD-A29E-419E-B881-79999719B0AB}"
EndProject
Global
	GlobalSection(SolutionConfigurationPlatforms) = preSolution
		Debug|Any CPU = Debug|Any CPU
		Release|Any CPU = Release|Any CPU
	EndGlobalSection
	GlobalSection(ProjectConfigurationPlatforms) = postSolution
		{F195380B-8281-4E32-80E5-759506D9361D}.Debug|Any CPU.ActiveCfg = Debug|Any CPU
		{F195380B-8281-4E32-80E5-759506D9361D}.Debug|Any CPU.Build.0 = Debug|Any CPU
		{F195380B-8281-4E32-80E5-759506D9361D}.Release|Any CPU.ActiveCfg = Release|Any CPU
		{F195380B-8281-4E32-80E5-759506D9361D}.Release|Any CPU.Build.0 = Release|Any CPU
		{A9D8B086-27B1-4880-87DA-D447851FF653}.Debug|Any CPU.ActiveCfg = Debug|Any CPU
		{A9D8B086-27B1-4880-87DA-D447851FF653}.Debug|Any CPU.Build.0 = Debug|Any CPU
		{A9D8B086-27B1-4880-87DA-D447851FF653}.Release|Any CPU.ActiveCfg = Release|Any CPU
		{A9D8B086-27B1-4880-87DA-D447851FF653}.Release|Any CPU.Build.0 = Release|Any CPU
		{4D85875B-0B6A-4EDC-B350-9B8C93826046}.Debug|Any CPU.ActiveCfg = Debug|Any CPU
		{4D85875B-0B6A-4EDC-B350-9B8C93826046}.Debug|Any CPU.Build.0 = Debug|Any CPU
		{4D85875B-0B6A-4EDC-B350-9B8C93826046}.Release|Any CPU.ActiveCfg = Release|Any CPU
		{4D85875B-0B6A-4EDC-B350-9B8C93826046}.Release|Any CPU.Build.0 = Release|Any CPU
		{3BE766DC-09DB-437E-97B6-7E2C0865DA7E}.Debug|Any CPU.ActiveCfg = Debug|Any CPU
		{3BE766DC-09DB-437E-97B6-7E2C0865DA7E}.Debug|Any CPU.Build.0 = Debug|Any CPU
		{3BE766DC-09DB-437E-97B6-7E2C0865DA7E}.Release|Any CPU.ActiveCfg = Release|Any CPU
		{3BE766DC-09DB-437E-97B6-7E2C0865DA7E}.Release|Any CPU.Build.0 = Release|Any CPU
		{D4432583-9F58-41E4-A4C7-6FD5D926775B}.Debug|Any CPU.ActiveCfg = Debug|Any CPU
		{D4432583-9F58-41E4-A4C7-6FD5D926775B}.Debug|Any CPU.Build.0 = Debug|Any CPU
		{D4432583-9F58-41E4-A4C7-6FD5D926775B}.Release|Any CPU.ActiveCfg = Release|Any CPU
		{D4432583-9F58-41E4-A4C7-6FD5D926775B}.Release|Any CPU.Build.0 = Release|Any CPU
		{5EF7A9BD-A29E-419E-B881-79999719B0AB}.Debug|Any CPU.ActiveCfg = Debug|Any CPU
		{5EF7A9BD-A29E-419E-B881-79999719B0AB}.Debug|Any CPU.Build.0 = Debug|Any CPU
		{5EF7A9BD-A29E-419E-B881-79999719B0AB}.Release|Any CPU.ActiveCfg = Release|Any CPU
		{5EF7A9BD-A29E-419E-B881-79999719B0AB}.Release|Any CPU.Build.0 = Release|Any CPU
	EndGlobalSection
	GlobalSection(SolutionProperties) = preSolution
		HideSolutionNode = FALSE
	EndGlobalSection
	GlobalSection(NestedProjects) = preSolution
		{F195380B-8281-4E32-80E5-759506D9361D} = {093E6A59-8968-4BCC-A6B9-D9728A2B6AB7}
		{A9D8B086-27B1-4880-87DA-D447851FF653} = {9E712A6D-712E-4473-AA21-0383A315D8B3}
		{4D85875B-0B6A-4EDC-B350-9B8C93826046} = {80A91B5C-A2F6-4DF5-A52B-60B0A54154AB}
		{3BE766DC-09DB-437E-97B6-7E2C0865DA7E} = {8C9E6BFF-2DAF-4261-8735-26C1EEE120AD}
		{D4432583-9F58-41E4-A4C7-6FD5D926775B} = {17A35FD0-734C-43E5-AFD7-105148CB5769}
		{5EF7A9BD-A29E-419E-B881-79999719B0AB} = {6EEF01F4-4392-4358-BE81-1562142E1282}
	EndGlobalSection
	GlobalSection(ExtensibilityGlobals) = postSolution
		SolutionGuid = {D57083F0-E72C-4B16-A028-C7AB242E7EA5}
	EndGlobalSection
EndGlobal
